
Microsoft Visual Studio Solution File, Format Version 12.00
# Visual Studio Version 17
VisualStudioVersion = 17.0.32014.148
MinimumVisualStudioVersion = 10.0.40219.1
Project("{9A19103F-16F7-4668-BE54-9A1E7A4F7556}") = "RizSoft.LayeredArchitecture.Domain", "RizSoft.LayeredArchitecture.Domain\RizSoft.LayeredArchitecture.Domain.csproj", "{89893FA6-D910-4DA0-B1C4-87D57EF0AE85}"
EndProject
Project("{9A19103F-16F7-4668-BE54-9A1E7A4F7556}") = "RizSoft.LayeredArchitecture.DAL.EfCore", "RizSoft.LayeredArchitecture.DAL.EfCore\RizSoft.LayeredArchitecture.DAL.EfCore.csproj", "{4DC35A47-801E-455D-BEED-2BDD804927BE}"
	ProjectSection(ProjectDependencies) = postProject
		{89893FA6-D910-4DA0-B1C4-87D57EF0AE85} = {89893FA6-D910-4DA0-B1C4-87D57EF0AE85}
	EndProjectSection
EndProject
Project("{9A19103F-16F7-4668-BE54-9A1E7A4F7556}") = "RizSoft.LayeredArchitecture.Services", "RizSoft.LayeredArchitecture.Services\RizSoft.LayeredArchitecture.Services.csproj", "{25AD4B40-FC84-4F81-A08D-277480D5560B}"
	ProjectSection(ProjectDependencies) = postProject
		{89893FA6-D910-4DA0-B1C4-87D57EF0AE85} = {89893FA6-D910-4DA0-B1C4-87D57EF0AE85}
	EndProjectSection
EndProject
Project("{9A19103F-16F7-4668-BE54-9A1E7A4F7556}") = "RizSoft.LayeredArchitecture.API", "RizSoft.LayeredArchitecture.API\RizSoft.LayeredArchitecture.API.csproj", "{9F9286A5-12AD-4BA2-9AE0-5D29BBFFCC58}"
EndProject
Project("{2150E333-8FDC-42A3-9474-1A3956D46DE8}") = "Backend", "Backend", "{CC3F4B4F-A699-4138-A814-E8535C14FD6A}"
EndProject
Project("{2150E333-8FDC-42A3-9474-1A3956D46DE8}") = "Frontend", "Frontend", "{373506DE-BD70-4AA6-950C-BBA1EBE6F8B7}"
EndProject
Project("{2150E333-8FDC-42A3-9474-1A3956D46DE8}") = "Common", "Common", "{508821C4-8FFA-4F45-9E32-73880059991F}"
EndProject
Project("{9A19103F-16F7-4668-BE54-9A1E7A4F7556}") = "RizSoft.LayeredArchitecture.Web", "RizSoft.LayeredArchitecture.Web\RizSoft.LayeredArchitecture.Web.csproj", "{2DF47F4F-BCAD-4874-A0FA-3F39CB167F25}"
EndProject
Project("{9A19103F-16F7-4668-BE54-9A1E7A4F7556}") = "RizSoft.LayeredArchitecture.BlazorWasm", "RizSoft.LayeredArchitecture.BlazorWasm\RizSoft.LayeredArchitecture.BlazorWasm.csproj", "{D197DF41-A771-43AA-A974-55A584FB3A26}"
EndProject
Project("{FAE04EC0-301F-11D3-BF4B-00C04F79EFBC}") = "RizSoft.LayeredArchitecture.BlazorServer", "RizSoft.LayeredArchitecture.BlazorServer\RizSoft.LayeredArchitecture.BlazorServer.csproj", "{74420756-9C92-49B1-9FC0-A074E7B09072}"
EndProject
Global
	GlobalSection(SolutionConfigurationPlatforms) = preSolution
		Debug|Any CPU = Debug|Any CPU
		Release|Any CPU = Release|Any CPU
	EndGlobalSection
	GlobalSection(ProjectConfigurationPlatforms) = postSolution
		{89893FA6-D910-4DA0-B1C4-87D57EF0AE85}.Debug|Any CPU.ActiveCfg = Debug|Any CPU
		{89893FA6-D910-4DA0-B1C4-87D57EF0AE85}.Debug|Any CPU.Build.0 = Debug|Any CPU
		{89893FA6-D910-4DA0-B1C4-87D57EF0AE85}.Release|Any CPU.ActiveCfg = Release|Any CPU
		{89893FA6-D910-4DA0-B1C4-87D57EF0AE85}.Release|Any CPU.Build.0 = Release|Any CPU
		{4DC35A47-801E-455D-BEED-2BDD804927BE}.Debug|Any CPU.ActiveCfg = Debug|Any CPU
		{4DC35A47-801E-455D-BEED-2BDD804927BE}.Debug|Any CPU.Build.0 = Debug|Any CPU
		{4DC35A47-801E-455D-BEED-2BDD804927BE}.Release|Any CPU.ActiveCfg = Release|Any CPU
		{4DC35A47-801E-455D-BEED-2BDD804927BE}.Release|Any CPU.Build.0 = Release|Any CPU
		{25AD4B40-FC84-4F81-A08D-277480D5560B}.Debug|Any CPU.ActiveCfg = Debug|Any CPU
		{25AD4B40-FC84-4F81-A08D-277480D5560B}.Debug|Any CPU.Build.0 = Debug|Any CPU
		{25AD4B40-FC84-4F81-A08D-277480D5560B}.Release|Any CPU.ActiveCfg = Release|Any CPU
		{25AD4B40-FC84-4F81-A08D-277480D5560B}.Release|Any CPU.Build.0 = Release|Any CPU
		{9F9286A5-12AD-4BA2-9AE0-5D29BBFFCC58}.Debug|Any CPU.ActiveCfg = Debug|Any CPU
		{9F9286A5-12AD-4BA2-9AE0-5D29BBFFCC58}.Debug|Any CPU.Build.0 = Debug|Any CPU
		{9F9286A5-12AD-4BA2-9AE0-5D29BBFFCC58}.Release|Any CPU.ActiveCfg = Release|Any CPU
		{9F9286A5-12AD-4BA2-9AE0-5D29BBFFCC58}.Release|Any CPU.Build.0 = Release|Any CPU
		{2DF47F4F-BCAD-4874-A0FA-3F39CB167F25}.Debug|Any CPU.ActiveCfg = Debug|Any CPU
		{2DF47F4F-BCAD-4874-A0FA-3F39CB167F25}.Debug|Any CPU.Build.0 = Debug|Any CPU
		{2DF47F4F-BCAD-4874-A0FA-3F39CB167F25}.Release|Any CPU.ActiveCfg = Release|Any CPU
		{2DF47F4F-BCAD-4874-A0FA-3F39CB167F25}.Release|Any CPU.Build.0 = Release|Any CPU
		{D197DF41-A771-43AA-A974-55A584FB3A26}.Debug|Any CPU.ActiveCfg = Debug|Any CPU
		{D197DF41-A771-43AA-A974-55A584FB3A26}.Debug|Any CPU.Build.0 = Debug|Any CPU
		{D197DF41-A771-43AA-A974-55A584FB3A26}.Release|Any CPU.ActiveCfg = Release|Any CPU
		{D197DF41-A771-43AA-A974-55A584FB3A26}.Release|Any CPU.Build.0 = Release|Any CPU
		{74420756-9C92-49B1-9FC0-A074E7B09072}.Debug|Any CPU.ActiveCfg = Debug|Any CPU
		{74420756-9C92-49B1-9FC0-A074E7B09072}.Debug|Any CPU.Build.0 = Debug|Any CPU
		{74420756-9C92-49B1-9FC0-A074E7B09072}.Release|Any CPU.ActiveCfg = Release|Any CPU
		{74420756-9C92-49B1-9FC0-A074E7B09072}.Release|Any CPU.Build.0 = Release|Any CPU
	EndGlobalSection
	GlobalSection(SolutionProperties) = preSolution
		HideSolutionNode = FALSE
	EndGlobalSection
	GlobalSection(NestedProjects) = preSolution
		{89893FA6-D910-4DA0-B1C4-87D57EF0AE85} = {508821C4-8FFA-4F45-9E32-73880059991F}
		{4DC35A47-801E-455D-BEED-2BDD804927BE} = {CC3F4B4F-A699-4138-A814-E8535C14FD6A}
		{25AD4B40-FC84-4F81-A08D-277480D5560B} = {CC3F4B4F-A699-4138-A814-E8535C14FD6A}
		{9F9286A5-12AD-4BA2-9AE0-5D29BBFFCC58} = {373506DE-BD70-4AA6-950C-BBA1EBE6F8B7}
		{2DF47F4F-BCAD-4874-A0FA-3F39CB167F25} = {373506DE-BD70-4AA6-950C-BBA1EBE6F8B7}
		{D197DF41-A771-43AA-A974-55A584FB3A26} = {373506DE-BD70-4AA6-950C-BBA1EBE6F8B7}
		{74420756-9C92-49B1-9FC0-A074E7B09072} = {373506DE-BD70-4AA6-950C-BBA1EBE6F8B7}
	EndGlobalSection
	GlobalSection(ExtensibilityGlobals) = postSolution
		SolutionGuid = {848E183F-1E5D-4724-B518-408365656D92}
	EndGlobalSection
EndGlobal
